github.com/PuerkitoBio/goquery v1.13.0 h1:mqHbjD7Jmnul4DTR24LKTjo1uUmHUh072kteGV+xpFM=
github.com/PuerkitoBio/goquery v1.13.0/go.mod h1:Hip5mdBL8K2wEGKJdr27sRaNwIdDajmCwB/ExUPwW+g=
github.com/andybalholm/cascadia v1.3.4 h1:vM2lgh0Vru9Vwyfm4cQqWP2HHMW0u0+2PAW7Q38Qufg=
github.com/andybalholm/cascadia v1.3.4/go.mod h1:BLRmbRjpEtNKieZOCCvYj4RqN+KRA41GBe/5O+G93kM=
github.com/caarlos0/env/v11 v11.4.1 h1:fYwH0sWEsBSMPG7t4e/PEfTFzrWrpjyygXyUnWiSwEw=
github.com/caarlos0/env/v11 v11.4.1/go.mod h1:qupehSf/Y0TUTsxKywqRt/vJjN5nz6vauiYEUUr8P4U=
github.com/chromedp/cdproto v0.157.8 h1:Tkq0AjsUlC3Z4sJfHBzV/uAAxnTF/AZyuSTjfV/1gvk=
github.com/chromedp/cdproto v0.157.8/go.mod h1:h68JaIuFr9o3yiayxEYhBdvaxgYO3shDrPSYhNlyfu0=
github.com/chromedp/chromedp v0.20.1 h1:983T9wmyM09JtROWlxhLQwljKOQovqt8CVE89W3U0NA=
github.com/chromedp/chromedp v0.20.1/go.mod h1:6z1Y5FdKUxRzxx2qcC5h1xjaBJrSWrZp1mjgITfNZig=
github.com/go-json-experiment/json v0.0.0-20260213210345-44df1a37e875 h1:XGPtjxqp0FS8jj1Z7QGcSOSgyq1fUPjNyJXvi3KfI4A=
github.com/go-json-experiment/json v0.0.0-20260213210345-44df1a37e875/go.mod h1:uNVvRXArCGbZ508SxYYTC5v1JWoz2voff5pm25jU1Ok=
github.com/go-test/deep v1.1.1 h1:0r/53hagsehfO4bzD2Pgr/+RgHqhmf+k1Bpse2cTu1U=
github.com/go-test/deep v1.1.1/go.mod h1:5C2ZWiW0ErCdrYzpqxLbTX7MG14M9iiw8DgHncVwcsE=
github.com/google/uuid v1.6.0 h1:NIvaJDMOsjHA8n1jAhLSgzrAzy1Hgr+hNrb57e+94F0=
github.com/google/uuid v1.6.0/go.mod h1:TIyPZe4MgqvfeYDBFedMoGGpEw/LqOeaOT+nhxU+yHo=
github.com/gorilla/websocket v1.5.3 h1:saDtZ6Pbx/0u+bgYQ3q96pZgCzfhKXGPqt7kZ72aNNg=
github.com/gorilla/websocket v1.5.3/go.mod h1:YR8l580nyteQvAITg2hZ9XVh4b55+EU/adAjf1fMHhE=
github.com/ledongthuc/pdf v0.0.0-20260907135840-6c8c28e0e8a0 h1:7Q+xNAZFmnfYOMweHN3c/PDFUKKfY1pVJ26K++QvVfU=
github.com/ledongthuc/pdf v0.0.0-20260907135840-6c8c28e0e8a0/go.mod h1:1fEHWurg7pvf5SG6XNE5Q8UZmOwex51Mkx3SLhrW5B4=
github.com/m-mizutani/goerr v0.3.1 h1:nW9/wOzZ9kHSqyRRBzR9EGmciI+YVlyQeMhSzwBIiuQ=
github.com/m-mizutani/goerr v0.3.1/go.mod h1:OoNepSLW5oF3dQWWZ3D2lVOTbzRsePvc6LrqhXcff5Y=
github.com/sashabaranov/go-openai v1.43.0 h1:HNRpO8TAQ01ssO7aPXO/68QRlcCCYQQ5GfHbFceRZcY=
github.com/sashabaranov/go-openai v1.43.0/go.mod h1:lj5b/K+zjTSFxVLijLSTDZuP7adOgerWeFyZLUhAKRg=
github.com/slack-go/slack v0.30.1 h1:q6FjZssqts6hJ+DRWCnnO2YVUh+E3/UNrC0EIO2xci8=
github.com/slack-go/slack v0.30.1/go.mod h1:radSmEe8GEgE+aK980ZafMR0AQhiZjADptN5k/gOw34=
github.com/stretchr/testify v1.12.1 h1:EuwCh5fleGS7H32xRwO3wRGT7DxrDhLAT6FF8MpWDWE=
github.com/stretchr/testify v1.12.1/go.mod h1:MDEgiDPPsNp5cuIrHPPCyornHKgEVbtFUmoNlxoYthg=
go.yaml.in/yaml/v3 v3.0.5 h1:N6y/pJk8buWs9NY5ERU2HSMfm+IuD/OtfdAnq6kESPw=
go.yaml.in/yaml/v3 v3.0.5/go.mod h1:HVTZu1O7/Vkt2N+BFy8Zza+lnLsABggaTM2ZpNIGuKg=
golang.org/x/net v0.58.0 h1:ynWG7rqYi4ccpTEuPZ2QGWHktVEM9DMCj9yzDE0Q7To=
golang.org/x/net v0.58.0/go.mod h1:YwCddHnFlT7eLQqVprV19OnhLGtc5xOKgE0RyqgfWAU=
